
Microsoft Visual Studio Solution File, Format Version 12.00
# Visual Studio Version 17
VisualStudioVersion = 17.3.32929.385
MinimumVisualStudioVersion = 10.0.40219.1
Project("{FAE04EC0-301F-11D3-BF4B-00C04F79EFBC}") = "WebApplication1", "WebApplication1\WebApplication1.csproj", "{1B19F291-06CE-44E8-B7C0-803618A723F2}"
EndProject
Global
	GlobalSection(SolutionConfigurationPlatforms) = preSolution
		Debug|Any CPU = Debug|Any CPU
		Release|Any CPU = Release|Any CPU
	EndGlobalSection
	GlobalSection(ProjectConfigurationPlatforms) = postSolution
		{1B19F291-06CE-44E8-B7C0-803618A723F2}.Debug|Any CPU.ActiveCfg = Debug|Any CPU
		{1B19F291-06CE-44E8-B7C0-803618A723F2}.Debug|Any CPU.Build.0 = Debug|Any CPU
		{1B19F291-06CE-44E8-B7C0-803618A723F2}.Release|Any CPU.ActiveCfg = Release|Any CPU
		{1B19F291-06CE-44E8-B7C0-803618A723F2}.Release|Any CPU.Build.0 = Release|Any CPU
	EndGlobalSection
	GlobalSection(SolutionProperties) = preSolution
		HideSolutionNode = FALSE
	EndGlobalSection
	GlobalSection(ExtensibilityGlobals) = postSolution
		SolutionGuid = {1B1CF80C-38F8-4E87-9F80-BB8BF0BF67BC}
	EndGlobalSection
EndGlobal
