
Microsoft Visual Studio Solution File, Format Version 12.00
# Visual Studio Version 17
VisualStudioVersion = 17.3.32929.385
MinimumVisualStudioVersion = 10.0.40219.1
Project("{FAE04EC0-301F-11D3-BF4B-00C04F79EFBC}") = "oop", "oop\oop.csproj", "{5C63F8E9-2EC2-4323-BFB7-A854D72D8E93}"
EndProject
Global
	GlobalSection(SolutionConfigurationPlatforms) = preSolution
		Debug|Any CPU = Debug|Any CPU
		Release|Any CPU = Release|Any CPU
	EndGlobalSection
	GlobalSection(ProjectConfigurationPlatforms) = postSolution
		{5C63F8E9-2EC2-4323-BFB7-A854D72D8E93}.Debug|Any CPU.ActiveCfg = Debug|Any CPU
		{5C63F8E9-2EC2-4323-BFB7-A854D72D8E93}.Debug|Any CPU.Build.0 = Debug|Any CPU
		{5C63F8E9-2EC2-4323-BFB7-A854D72D8E93}.Release|Any CPU.ActiveCfg = Release|Any CPU
		{5C63F8E9-2EC2-4323-BFB7-A854D72D8E93}.Release|Any CPU.Build.0 = Release|Any CPU
	EndGlobalSection
	GlobalSection(SolutionProperties) = preSolution
		HideSolutionNode = FALSE
	EndGlobalSection
	GlobalSection(ExtensibilityGlobals) = postSolution
		SolutionGuid = {A3C32709-0B13-4D68-8F49-ED919C0F74C1}
	EndGlobalSection
EndGlobal
