
Microsoft Visual Studio Solution File, Format Version 12.00
# Visual Studio Version 17
VisualStudioVersion = 17.3.32929.385
MinimumVisualStudioVersion = 10.0.40219.1
Project("{FAE04EC0-301F-11D3-BF4B-00C04F79EFBC}") = "WebApplication1", "WebApplication1\WebApplication1.csproj", "{ED5A9C44-2687-412B-AE02-00238ECE9C63}"
EndProject
Global
	GlobalSection(SolutionConfigurationPlatforms) = preSolution
		Debug|Any CPU = Debug|Any CPU
		Release|Any CPU = Release|Any CPU
	EndGlobalSection
	GlobalSection(ProjectConfigurationPlatforms) = postSolution
		{ED5A9C44-2687-412B-AE02-00238ECE9C63}.Debug|Any CPU.ActiveCfg = Debug|Any CPU
		{ED5A9C44-2687-412B-AE02-00238ECE9C63}.Debug|Any CPU.Build.0 = Debug|Any CPU
		{ED5A9C44-2687-412B-AE02-00238ECE9C63}.Release|Any CPU.ActiveCfg = Release|Any CPU
		{ED5A9C44-2687-412B-AE02-00238ECE9C63}.Release|Any CPU.Build.0 = Release|Any CPU
	EndGlobalSection
	GlobalSection(SolutionProperties) = preSolution
		HideSolutionNode = FALSE
	EndGlobalSection
	GlobalSection(ExtensibilityGlobals) = postSolution
		SolutionGuid = {E34F9F46-6720-41F1-95F1-FD39FF1777F8}
	EndGlobalSection
EndGlobal
