
Microsoft Visual Studio Solution File, Format Version 12.00
# Visual Studio Version 17
VisualStudioVersion = 17.3.32929.385
MinimumVisualStudioVersion = 10.0.40219.1
Project("{FAE04EC0-301F-11D3-BF4B-00C04F79EFBC}") = "ConsoleApp4", "ConsoleApp4\ConsoleApp4.csproj", "{981F908A-0EEA-4A0C-B544-3C53C8EC1719}"
EndProject
Global
	GlobalSection(SolutionConfigurationPlatforms) = preSolution
		Debug|Any CPU = Debug|Any CPU
		Release|Any CPU = Release|Any CPU
	EndGlobalSection
	GlobalSection(ProjectConfigurationPlatforms) = postSolution
		{981F908A-0EEA-4A0C-B544-3C53C8EC1719}.Debug|Any CPU.ActiveCfg = Debug|Any CPU
		{981F908A-0EEA-4A0C-B544-3C53C8EC1719}.Debug|Any CPU.Build.0 = Debug|Any CPU
		{981F908A-0EEA-4A0C-B544-3C53C8EC1719}.Release|Any CPU.ActiveCfg = Release|Any CPU
		{981F908A-0EEA-4A0C-B544-3C53C8EC1719}.Release|Any CPU.Build.0 = Release|Any CPU
	EndGlobalSection
	GlobalSection(SolutionProperties) = preSolution
		HideSolutionNode = FALSE
	EndGlobalSection
	GlobalSection(ExtensibilityGlobals) = postSolution
		SolutionGuid = {4ACE9E60-A6A9-486E-8649-723AECEAC7CB}
	EndGlobalSection
EndGlobal
